
Microsoft Visual Studio Solution File, Format Version 12.00
# Visual Studio 15
VisualStudioVersion = 15.0.27130.2027
MinimumVisualStudioVersion = 10.0.40219.1
Project("{8BC9CEB8-8B4A-11D0-8D11-00A0C91BC942}") = "ywfPlayer", "ywfPlayer\ywfPlayer.vcxproj", "{09157870-35A3-42C1-BCAD-66609D87B12A}"
EndProject
Global
	GlobalSection(SolutionConfigurationPlatforms) = preSolution
		Debug|x64 = Debug|x64
		Debug|x86 = Debug|x86
		Release|x64 = Release|x64
		Release|x86 = Release|x86
	EndGlobalSection
	GlobalSection(ProjectConfigurationPlatforms) = postSolution
		{09157870-35A3-42C1-BCAD-66609D87B12A}.Debug|x64.ActiveCfg = Debug|x64
		{09157870-35A3-42C1-BCAD-66609D87B12A}.Debug|x64.Build.0 = Debug|x64
		{09157870-35A3-42C1-BCAD-66609D87B12A}.Debug|x86.ActiveCfg = Debug|Win32
		{09157870-35A3-42C1-BCAD-66609D87B12A}.Debug|x86.Build.0 = Debug|Win32
		{09157870-35A3-42C1-BCAD-66609D87B12A}.Release|x64.ActiveCfg = Release|x64
		{09157870-35A3-42C1-BCAD-66609D87B12A}.Release|x64.Build.0 = Release|x64
		{09157870-35A3-42C1-BCAD-66609D87B12A}.Release|x86.ActiveCfg = Release|Win32
		{09157870-35A3-42C1-BCAD-66609D87B12A}.Release|x86.Build.0 = Release|Win32
	EndGlobalSection
	GlobalSection(SolutionProperties) = preSolution
		HideSolutionNode = FALSE
	EndGlobalSection
	GlobalSection(ExtensibilityGlobals) = postSolution
		SolutionGuid = {E15F8FD3-8EE7-489A-84D4-D1FFB30C3FD7}
	EndGlobalSection
EndGlobal
